{
  "name": "suspense-demo",
  "lockfileVersion": 3,
  "requires": true,
  "packages": {
    "": {
      "dependencies": {
        "react": "experimental",
        "react-dom": "experimental"
      },
      "devDependencies": {}
    },
    "node_modules/react": {
      "version": "0.0.0-experimental-4c2e457c7c-20240522",
      "resolved": "https://registry.npmjs.org/react/-/react-0.0.0-experimental-4c2e457c7c-20240522.tgz",
      "integrity": "sha512-Lo7Hb7+BV1VSC+vIFYW6HwYiYn1UkilWBWKgU39LQmx2QI6lfJ9cvGniOrcd4XTpiYEDtvq2NEunvwxlCM6fRA==",
      "engines": {
        "node": ">=0.10.0"
      }
    },
    "node_modules/react-dom": {
      "version": "0.0.0-experimental-4c2e457c7c-20240522",
      "resolved": "https://registry.npmjs.org/react-dom/-/react-dom-0.0.0-experimental-4c2e457c7c-20240522.tgz",
      "integrity": "sha512-tBw1vWgdPrkaIZXsCn06pSAIV1oaktZ2f+6hk8G/ls6KBQLsoeM1xaLJcHeHKaDEZv3Qy0007A3RRkhOSe/ZvQ==",
      "dependencies": {
        "scheduler": "0.0.0-experimental-4c2e457c7c-20240522"
      },
      "peerDependencies": {
        "react": "0.0.0-experimental-4c2e457c7c-20240522"
      }
    },
    "node_modules/scheduler": {
      "version": "0.0.0-experimental-4c2e457c7c-20240522",
      "resolved": "https://registry.npmjs.org/scheduler/-/scheduler-0.0.0-experimental-4c2e457c7c-20240522.tgz",
      "integrity": "sha512-psuySwLcPLQeXqL8r22drqaGWVUwa+I4wR5VR/5va4p6ebykaDGFwHMBuZQFWNTL1pb6fS86x91dSbQsaA/V/g=="
    }
  }
}
