{
  "name": "libs",
  "lockfileVersion": 3,
  "requires": true,
  "packages": {
    "": {
      "dependencies": {
        "heic-convert": "^2.1.0"
      },
      "devDependencies": {
        "@types/node": "^20.12.7"
      }
    },
    "node_modules/@types/node": {
      "version": "20.12.7",
      "resolved": "https://registry.npmjs.org/@types/node/-/node-20.12.7.tgz",
      "integrity": "sha512-wq0cICSkRLVaf3UGLMGItu/PtdY7oaXaI/RVU+xliKVOtRna3PRY57ZDfztpDL0n11vfymMUnXv8QwYCO7L1wg==",
      "dev": true,
      "dependencies": {
        "undici-types": "~5.26.4"
      }
    },
    "node_modules/heic-convert": {
      "version": "2.1.0",
      "resolved": "https://registry.npmjs.org/heic-convert/-/heic-convert-2.1.0.tgz",
      "integrity": "sha512-1qDuRvEHifTVAj3pFIgkqGgJIr0M3X7cxEPjEp0oG4mo8GFjq99DpCo8Eg3kg17Cy0MTjxpFdoBHOatj7ZVKtg==",
      "dependencies": {
        "heic-decode": "^2.0.0",
        "jpeg-js": "^0.4.4",
        "pngjs": "^6.0.0"
      },
      "engines": {
        "node": ">=12.0.0"
      }
    },
    "node_modules/heic-decode": {
      "version": "2.0.0",
      "resolved": "https://registry.npmjs.org/heic-decode/-/heic-decode-2.0.0.tgz",
      "integrity": "sha512-NU+zsiDvdL+EebyTjrEqjkO2XYI7FgLhQzsbmO8dnnYce3S0PBSDm/ZyI4KpcGPXYEdb5W72vp/AQFuc4F8ASg==",
      "dependencies": {
        "libheif-js": "^1.17.1"
      },
      "engines": {
        "node": ">=8.0.0"
      }
    },
    "node_modules/jpeg-js": {
      "version": "0.4.4",
      "resolved": "https://registry.npmjs.org/jpeg-js/-/jpeg-js-0.4.4.tgz",
      "integrity": "sha512-WZzeDOEtTOBK4Mdsar0IqEU5sMr3vSV2RqkAIzUEV2BHnUfKGyswWFPFwK5EeDo93K3FohSHbLAjj0s1Wzd+dg=="
    },
    "node_modules/libheif-js": {
      "version": "1.17.1",
      "resolved": "https://registry.npmjs.org/libheif-js/-/libheif-js-1.17.1.tgz",
      "integrity": "sha512-g9wBm/CasGZMjmH3B2sD9+AO7Y5+79F0oPS+sdAulSxQeYeCeiTIP+lDqvlPofD+y76wvfVtotKZ8AuvZQnWgg==",
      "engines": {
        "node": ">=8.0.0"
      }
    },
    "node_modules/pngjs": {
      "version": "6.0.0",
      "resolved": "https://registry.npmjs.org/pngjs/-/pngjs-6.0.0.tgz",
      "integrity": "sha512-TRzzuFRRmEoSW/p1KVAmiOgPco2Irlah+bGFCeNfJXxxYGwSw7YwAOAcd7X28K/m5bjBWKsC29KyoMfHbypayg==",
      "engines": {
        "node": ">=12.13.0"
      }
    },
    "node_modules/undici-types": {
      "version": "5.26.5",
      "resolved": "https://registry.npmjs.org/undici-types/-/undici-types-5.26.5.tgz",
      "integrity": "sha512-JlCMO+ehdEIKqlFxk6IfVoAUVmgz7cU7zD/h9XZ0qzeosSHmUJVOzSQvvYSYWXkFXC+IfLKSIffhv0sVZup6pA==",
      "dev": true
    }
  }
}
